
Microsoft Visual Studio Solution File, Format Version 12.00
# Visual Studio Version 17
VisualStudioVersion = 17.2.32630.192
MinimumVisualStudioVersion = 10.0.40219.1
Project("{FAE04EC0-301F-11D3-BF4B-00C04F79EFBC}") = "IlluminationController2", "IlluminationController2.csproj", "{8F222FC3-61FA-481C-BB9A-93F716AB1B4D}"
EndProject
Global
	GlobalSection(SolutionConfigurationPlatforms) = preSolution
		Debug|Any CPU = Debug|Any CPU
		Release|Any CPU = Release|Any CPU
	EndGlobalSection
	GlobalSection(ProjectConfigurationPlatforms) = postSolution
		{8F222FC3-61FA-481C-BB9A-93F716AB1B4D}.Debug|Any CPU.ActiveCfg = Debug|Any CPU
		{8F222FC3-61FA-481C-BB9A-93F716AB1B4D}.Debug|Any CPU.Build.0 = Debug|Any CPU
		{8F222FC3-61FA-481C-BB9A-93F716AB1B4D}.Release|Any CPU.ActiveCfg = Release|Any CPU
		{8F222FC3-61FA-481C-BB9A-93F716AB1B4D}.Release|Any CPU.Build.0 = Release|Any CPU
	EndGlobalSection
	GlobalSection(SolutionProperties) = preSolution
		HideSolutionNode = FALSE
	EndGlobalSection
	GlobalSection(ExtensibilityGlobals) = postSolution
		SolutionGuid = {0FF032FE-A17F-492B-BE7D-607E992FBB89}
	EndGlobalSection
EndGlobal
